{
  "nodes": {
    "flake-utils": {
      "locked": {
        "lastModified": 1678901627,
        "narHash": "sha256-U02riOqrKKzwjsxc/400XnElV+UtPUQWpANPlyazjH0=",
        "owner": "numtide",
        "repo": "flake-utils",
        "rev": "93a2b84fc4b70d9e089d029deacc3583435c2ed6",
        "type": "github"
      },
      "original": {
        "owner": "numtide",
        "repo": "flake-utils",
        "type": "github"
      }
    },
    "nixpkgs": {
      "locked": {
        "lastModified": 1684334906,
        "narHash": "sha256-psIJn2MZRidtLb7XOX6u3W6+D4UgMR+f4zPtqYRXj8g=",
        "owner": "NixOS",
        "repo": "nixpkgs",
        "rev": "bc5d9d7653c80878f9eb31634020c5c3f8906459",
        "type": "github"
      },
      "original": {
        "owner": "NixOS",
        "ref": "release-22.11",
        "repo": "nixpkgs",
        "type": "github"
      }
    },
    "nixpkgs-unstable": {
      "locked": {
        "lastModified": 1684242266,
        "narHash": "sha256-uaCQ2k1bmojHKjWQngvnnnxQJMY8zi1zq527HdWgQf8=",
        "owner": "NixOS",
        "repo": "nixpkgs",
        "rev": "7e0743a5aea1dc755d4b761daf75b20aa486fdad",
        "type": "github"
      },
      "original": {
        "owner": "NixOS",
        "ref": "nixpkgs-unstable",
        "repo": "nixpkgs",
        "type": "github"
      }
    },
    "root": {
      "inputs": {
        "flake-utils": "flake-utils",
        "nixpkgs": "nixpkgs",
        "nixpkgs-unstable": "nixpkgs-unstable"
      }
    }
  },
  "root": "root",
  "version": 7
}
